
Microsoft Visual Studio Solution File, Format Version 12.00
# Visual Studio Version 17
VisualStudioVersion = 17.13.35806.99 d17.13
MinimumVisualStudioVersion = 10.0.40219.1
Project("{FAE04EC0-301F-11D3-BF4B-00C04F79EFBC}") = "MVCDatabaseFirst", "MVCDatabaseFirst.csproj", "{BDCC7B02-2BFD-4336-AFA7-2ACF0D52FCD5}"
EndProject
Global
	GlobalSection(SolutionConfigurationPlatforms) = preSolution
		Debug|Any CPU = Debug|Any CPU
		Release|Any CPU = Release|Any CPU
	EndGlobalSection
	GlobalSection(ProjectConfigurationPlatforms) = postSolution
		{BDCC7B02-2BFD-4336-AFA7-2ACF0D52FCD5}.Debug|Any CPU.ActiveCfg = Debug|Any CPU
		{BDCC7B02-2BFD-4336-AFA7-2ACF0D52FCD5}.Debug|Any CPU.Build.0 = Debug|Any CPU
		{BDCC7B02-2BFD-4336-AFA7-2ACF0D52FCD5}.Release|Any CPU.ActiveCfg = Release|Any CPU
		{BDCC7B02-2BFD-4336-AFA7-2ACF0D52FCD5}.Release|Any CPU.Build.0 = Release|Any CPU
	EndGlobalSection
	GlobalSection(SolutionProperties) = preSolution
		HideSolutionNode = FALSE
	EndGlobalSection
	GlobalSection(ExtensibilityGlobals) = postSolution
		SolutionGuid = {25435AF6-8DC2-403E-AC87-A3DC0B4C2BF0}
	EndGlobalSection
EndGlobal
